
Microsoft Visual Studio Solution File, Format Version 12.00
# Visual Studio Version 17
VisualStudioVersion = 17.14.36414.22
MinimumVisualStudioVersion = 10.0.40219.1
Project("{FAE04EC0-301F-11D3-BF4B-00C04F79EFBC}") = "ContractMonthlyClaimSystem", "ContractMonthlyClaimSystem_starter\ContractMonthlyClaimSystem.csproj", "{1204943D-8C46-428F-B197-67ACC2BDEB64}"
EndProject
Project("{FAE04EC0-301F-11D3-BF4B-00C04F79EFBC}") = "UnitTestProject1", "UnitTestProject1\UnitTestProject1.csproj", "{E9A408E9-ABC4-44A4-8EC1-E2167F75C7D5}"
EndProject
Global
	GlobalSection(SolutionConfigurationPlatforms) = preSolution
		Debug|Any CPU = Debug|Any CPU
		Release|Any CPU = Release|Any CPU
	EndGlobalSection
	GlobalSection(ProjectConfigurationPlatforms) = postSolution
		{1204943D-8C46-428F-B197-67ACC2BDEB64}.Debug|Any CPU.ActiveCfg = Debug|Any CPU
		{1204943D-8C46-428F-B197-67ACC2BDEB64}.Debug|Any CPU.Build.0 = Debug|Any CPU
		{1204943D-8C46-428F-B197-67ACC2BDEB64}.Release|Any CPU.ActiveCfg = Release|Any CPU
		{1204943D-8C46-428F-B197-67ACC2BDEB64}.Release|Any CPU.Build.0 = Release|Any CPU
		{E9A408E9-ABC4-44A4-8EC1-E2167F75C7D5}.Debug|Any CPU.ActiveCfg = Debug|Any CPU
		{E9A408E9-ABC4-44A4-8EC1-E2167F75C7D5}.Debug|Any CPU.Build.0 = Debug|Any CPU
		{E9A408E9-ABC4-44A4-8EC1-E2167F75C7D5}.Release|Any CPU.ActiveCfg = Release|Any CPU
		{E9A408E9-ABC4-44A4-8EC1-E2167F75C7D5}.Release|Any CPU.Build.0 = Release|Any CPU
	EndGlobalSection
	GlobalSection(SolutionProperties) = preSolution
		HideSolutionNode = FALSE
	EndGlobalSection
	GlobalSection(ExtensibilityGlobals) = postSolution
		SolutionGuid = {675BBB59-1544-43E1-B4D2-3DBB2F9D6F37}
	EndGlobalSection
EndGlobal
